{
  "object": {
    "pins": [
      {
        "package": "BrightFutures",
        "repositoryURL": "https://github.com/Thomvis/BrightFutures",
        "state": {
          "branch": null,
          "revision": "b86a1d202afff7bfca7adf2423ad1962172ee10a",
          "version": "7.0.0"
        }
      },
      {
        "package": "FileCheck",
        "repositoryURL": "https://github.com/trill-lang/FileCheck.git",
        "state": {
          "branch": null,
          "revision": "34ea75a35780396a2cfa5019ec799879b48dd960",
          "version": "0.0.6"
        }
      },
      {
        "package": "Nimble",
        "repositoryURL": "https://github.com/Quick/Nimble",
        "state": {
          "branch": null,
          "revision": "22800b0954c89344bb8c87f8ab93378076716fb7",
          "version": "7.0.3"
        }
      },
      {
        "package": "Result",
        "repositoryURL": "https://github.com/antitypical/Result",
        "state": {
          "branch": null,
          "revision": "8fc088dcf72802801efeecba76ea8fb041fb773d",
          "version": "4.0.0"
        }
      },
      {
        "package": "RxSwift",
        "repositoryURL": "https://github.com/ReactiveX/RxSwift.git",
        "state": {
          "branch": null,
          "revision": "e8aa1d892a0d8a153a28b74cbad25be534926f49",
          "version": "4.4.0"
        }
      },
      {
        "package": "SwiftCheck",
        "repositoryURL": "https://github.com/typelift/SwiftCheck",
        "state": {
          "branch": null,
          "revision": "df82fb889864945c64458f38846702af729b3ee4",
          "version": "0.9.1"
        }
      }
    ]
  },
  "version": 1
}
