{
  "object": {
    "pins": [
      {
        "package": "RxSwift",
        "repositoryURL": "https://github.com/ReactiveX/RxSwift.git",
        "state": {
          "branch": null,
          "revision": "b4307ba0b6425c0ba4178e138799946c3da594f8",
          "version": "6.5.0"
        }
      },
      {
        "package": "SwiftCheck",
        "repositoryURL": "https://github.com/bow-swift/SwiftCheck.git",
        "state": {
          "branch": null,
          "revision": "748359f9a95edf94d0c4664102f104f56b1ff1fb",
          "version": "0.12.1"
        }
      }
    ]
  },
  "version": 1
}
