PODS:
  - Nimble (7.0.2)
  - SwiftCheck (0.9.1)

DEPENDENCIES:
  - Nimble (~> 7.0.2)
  - SwiftCheck (~> 0.9.1)

SPEC CHECKSUMS:
  Nimble: bfe1f814edabba69ff145cb1283e04ed636a67f2
  SwiftCheck: 533279411be74b15d5cb519b4df7fea3e441979e

PODFILE CHECKSUM: ae3a5329766c136758e75b60f7d28b983af1a261

COCOAPODS: 1.4.0
