PODS:
  - Nimble (7.0.2)
  - SwiftCheck (0.9.1)

DEPENDENCIES:
  - Nimble (~> 7.0.2)
  - SwiftCheck (~> 0.9.1)

SPEC CHECKSUMS:
  Nimble: bfe1f814edabba69ff145cb1283e04ed636a67f2
  SwiftCheck: 533279411be74b15d5cb519b4df7fea3e441979e

PODFILE CHECKSUM: a83766873c5e93d05247699a9c67f8803fa9f50f

COCOAPODS: 1.3.1
