PODS:
  - Bow (0.5.0)
  - BowEffects (0.5.0):
    - Bow (~> 0.5.0)
  - BowFree (0.5.0):
    - Bow (~> 0.5.0)
  - BowGeneric (0.5.0):
    - Bow (~> 0.5.0)
  - BowOptics (0.5.0):
    - Bow (~> 0.5.0)
  - BowRecursionSchemes (0.5.0):
    - Bow (~> 0.5.0)
  - BowRx (0.5.0):
    - Bow (~> 0.5.0)
    - BowEffects (~> 0.5.0)
    - RxSwift (~> 5.0.0)
  - RxSwift (5.0.0)

DEPENDENCIES:
  - Bow (from `../..`)
  - BowEffects (from `../..`)
  - BowFree (from `../..`)
  - BowGeneric (from `../..`)
  - BowOptics (from `../..`)
  - BowRecursionSchemes (from `../..`)
  - BowRx (from `../..`)

SPEC REPOS:
  https://github.com/cocoapods/specs.git:
    - RxSwift

EXTERNAL SOURCES:
  Bow:
    :path: "../.."
  BowEffects:
    :path: "../.."
  BowFree:
    :path: "../.."
  BowGeneric:
    :path: "../.."
  BowOptics:
    :path: "../.."
  BowRecursionSchemes:
    :path: "../.."
  BowRx:
    :path: "../.."

SPEC CHECKSUMS:
  Bow: 74386868e5d013de697c1996b0f3f02081087063
  BowEffects: 9c0f25efbb38cdf6a7b0c2b59932a0202ef03108
  BowFree: 1103ce271b8462df127bbc9d82d65cd5122f907b
  BowGeneric: c8b7f796b547a2c9476247a035de45519e9ca1ab
  BowOptics: 47261ee07a7a123bced56956140365f4f97a760a
  BowRecursionSchemes: 445661b658f4c086116b9a6715543eea9bc30c58
  BowRx: 6d01527d1da23d8d2f1403616c755c24b3177b83
  RxSwift: 8b0671caa829a763bbce7271095859121cbd895f

PODFILE CHECKSUM: 2a236e889c6c9ab260a8113679418a7d2963fe8b

COCOAPODS: 1.7.4
