PODS:
  - Bow (0.3.0)
  - BowBrightFutures (0.3.0):
    - Bow (~> 0.3.0)
    - BowEffects (~> 0.3.0)
    - BrightFutures (~> 7.0.0)
  - BowEffects (0.3.0):
    - Bow (~> 0.3.0)
  - BowFree (0.3.0):
    - Bow (~> 0.3.0)
  - BowGeneric (0.3.0):
    - Bow (~> 0.3.0)
  - BowOptics (0.3.0):
    - Bow (~> 0.3.0)
  - BowRecursionSchemes (0.3.0):
    - Bow (~> 0.3.0)
  - BowRx (0.3.0):
    - Bow (~> 0.3.0)
    - BowEffects (~> 0.3.0)
    - RxCocoa (~> 4.4.0)
    - RxSwift (~> 4.4.0)
  - BrightFutures (7.0.0):
    - Result (~> 4.0.0)
  - Result (4.0.1)
  - RxAtomic (4.4.2)
  - RxCocoa (4.4.2):
    - RxSwift (>= 4.4.2, ~> 4.4)
  - RxSwift (4.4.2):
    - RxAtomic (>= 4.4.2, ~> 4.4)

DEPENDENCIES:
  - Bow (from `../..`)
  - BowBrightFutures (from `../..`)
  - BowEffects (from `../..`)
  - BowFree (from `../..`)
  - BowGeneric (from `../..`)
  - BowOptics (from `../..`)
  - BowRecursionSchemes (from `../..`)
  - BowRx (from `../..`)

SPEC REPOS:
  https://github.com/cocoapods/specs.git:
    - BrightFutures
    - Result
    - RxAtomic
    - RxCocoa
    - RxSwift

EXTERNAL SOURCES:
  Bow:
    :path: "../.."
  BowBrightFutures:
    :path: "../.."
  BowEffects:
    :path: "../.."
  BowFree:
    :path: "../.."
  BowGeneric:
    :path: "../.."
  BowOptics:
    :path: "../.."
  BowRecursionSchemes:
    :path: "../.."
  BowRx:
    :path: "../.."

SPEC CHECKSUMS:
  Bow: 00d66a7e26595923fc1b0aee922edaa84395b95d
  BowBrightFutures: 0dd8554d0a187cb804fa211d966da175b41eb040
  BowEffects: f42a3973cefc13a6745a2942a258a54126338e79
  BowFree: b765ebcef58c992584938af3e16ce1acc50f3bc0
  BowGeneric: f6d211d9c8159dd1dc4a5749c8dfcb11640f1b9a
  BowOptics: 7468a490c6ad8120d3b60ad95078769ad4e59052
  BowRecursionSchemes: 77809f785b91ebae45f6eec909f4b9e298b56355
  BowRx: d5cdf7380c339494d3062c9003dfd7ce0cf7a1c7
  BrightFutures: 7d7436e937dfc83d814c11920f157fc2a53f5bd5
  Result: a6e784bebf48b471d59cddc1adb81f41f678c487
  RxAtomic: d00e97c10db88c6f08540e0bf2752fc5a2404167
  RxCocoa: 477990dc3b4c3ff55fb0ac77e1cc06244e0aaec8
  RxSwift: 74c29b693c8e42b0f64400e8b06564575742d649

PODFILE CHECKSUM: a097b185c573e13ec8a3860b0ef490ae8db6bb1a

COCOAPODS: 1.6.1
