PODS:
  - Bow (0.4.0)
  - BowBrightFutures (0.4.0):
    - Bow (~> 0.4.0)
    - BowEffects (~> 0.4.0)
    - BrightFutures (~> 8.0.0)
  - BowEffects (0.4.0):
    - Bow (~> 0.4.0)
  - BowFree (0.4.0):
    - Bow (~> 0.4.0)
  - BowGeneric (0.4.0):
    - Bow (~> 0.4.0)
  - BowOptics (0.4.0):
    - Bow (~> 0.4.0)
  - BowRecursionSchemes (0.4.0):
    - Bow (~> 0.4.0)
  - BowRx (0.4.0):
    - Bow (~> 0.4.0)
    - BowEffects (~> 0.4.0)
    - RxCocoa (~> 5.0.0)
    - RxSwift (~> 5.0.0)
  - BrightFutures (8.0.0)
  - RxCocoa (5.0.0):
    - RxRelay (~> 5)
    - RxSwift (~> 5)
  - RxRelay (5.0.0):
    - RxSwift (~> 5)
  - RxSwift (5.0.0)

DEPENDENCIES:
  - Bow (from `../..`)
  - BowBrightFutures (from `../..`)
  - BowEffects (from `../..`)
  - BowFree (from `../..`)
  - BowGeneric (from `../..`)
  - BowOptics (from `../..`)
  - BowRecursionSchemes (from `../..`)
  - BowRx (from `../..`)

SPEC REPOS:
  https://github.com/cocoapods/specs.git:
    - BrightFutures
    - RxCocoa
    - RxRelay
    - RxSwift

EXTERNAL SOURCES:
  Bow:
    :path: "../.."
  BowBrightFutures:
    :path: "../.."
  BowEffects:
    :path: "../.."
  BowFree:
    :path: "../.."
  BowGeneric:
    :path: "../.."
  BowOptics:
    :path: "../.."
  BowRecursionSchemes:
    :path: "../.."
  BowRx:
    :path: "../.."

SPEC CHECKSUMS:
  Bow: c52be0840aa176b9a45f1f772efa52777bbd8288
  BowBrightFutures: cbe827092c0aabf1199766ffddf4db83a66ad72c
  BowEffects: 47f37c306eff490ab771136e0cb148afcc6c542c
  BowFree: 2349a3d870aeb49caf3df59d506cff712e3ff1c4
  BowGeneric: e25e63851ed2f55d64055ece34021876c84c60b7
  BowOptics: e17a21fbebffe17e6a7997a6d1bafb3e303fdac4
  BowRecursionSchemes: c7ce26acdfdbb529c9d973ea6342e8cd4b886ee7
  BowRx: 6185d638b00898302ed24511faa9a7fb10b9aacd
  BrightFutures: f8427b46feabaf73c5e71ace7d86d65dfbb47696
  RxCocoa: fcf32050ac00d801f34a7f71d5e8e7f23026dcd8
  RxRelay: 4f7409406a51a55cd88483f21ed898c234d60f18
  RxSwift: 8b0671caa829a763bbce7271095859121cbd895f

PODFILE CHECKSUM: 0fdd192b8f28a6797f9bd131a05f2e2bce19d4c1

COCOAPODS: 1.6.1
