PODS:
  - Bow (0.6.0)
  - BowEffects (0.6.0):
    - Bow (~> 0.6.0)
  - BowFree (0.6.0):
    - Bow (~> 0.6.0)
  - BowGeneric (0.6.0):
    - Bow (~> 0.6.0)
  - BowOptics (0.6.0):
    - Bow (~> 0.6.0)
  - BowRecursionSchemes (0.6.0):
    - Bow (~> 0.6.0)
  - BowRx (0.6.0):
    - Bow (~> 0.6.0)
    - BowEffects (~> 0.6.0)
    - RxSwift (~> 5.0.0)
  - RxSwift (5.0.1)

DEPENDENCIES:
  - Bow (from `../../..`)
  - BowEffects (from `../../..`)
  - BowFree (from `../../..`)
  - BowGeneric (from `../../..`)
  - BowOptics (from `../../..`)
  - BowRecursionSchemes (from `../../..`)
  - BowRx (from `../../..`)

SPEC REPOS:
  trunk:
    - RxSwift

EXTERNAL SOURCES:
  Bow:
    :path: "../../.."
  BowEffects:
    :path: "../../.."
  BowFree:
    :path: "../../.."
  BowGeneric:
    :path: "../../.."
  BowOptics:
    :path: "../../.."
  BowRecursionSchemes:
    :path: "../../.."
  BowRx:
    :path: "../../.."

SPEC CHECKSUMS:
  Bow: 2a42ff7c2b0bf72a2f16491aff170e5069b3ebe6
  BowEffects: 12f4e2ad8e3fb32704de2ad5c7645f265efa93e3
  BowFree: ec5e4d71f4f8fd1bd9afea24be26962ef75b14c3
  BowGeneric: 4477520f8be1a4ce958322c2eb74f75e8cca366a
  BowOptics: 1bcd0d97b8f1a03e6c1314aa689e151caf07f110
  BowRecursionSchemes: ad78f3395af32b06b72d76a081ecb9f868dd3774
  BowRx: e21ccc42aea8a5a6b40c87cded59cec74997135d
  RxSwift: e2dc62b366a3adf6a0be44ba9f405efd4c94e0c4

PODFILE CHECKSUM: c776910e1659fef526505f3385fe27e8c3a2e42d

COCOAPODS: 1.8.4
